
Microsoft Visual Studio Solution File, Format Version 12.00
# Visual Studio 2012
Project("{FAE04EC0-301F-11D3-BF4B-00C04F79EFBC}") = "PasswordGenerator", "PasswordGenerator\PasswordGenerator.csproj", "{189533CF-BA66-40D5-A670-F3E11FBB1912}"
EndProject
Global
	GlobalSection(SolutionConfigurationPlatforms) = preSolution
		Debug|Any CPU = Debug|Any CPU
		Release|Any CPU = Release|Any CPU
	EndGlobalSection
	GlobalSection(ProjectConfigurationPlatforms) = postSolution
		{189533CF-BA66-40D5-A670-F3E11FBB1912}.Debug|Any CPU.ActiveCfg = Debug|Any CPU
		{189533CF-BA66-40D5-A670-F3E11FBB1912}.Debug|Any CPU.Build.0 = Debug|Any CPU
		{189533CF-BA66-40D5-A670-F3E11FBB1912}.Release|Any CPU.ActiveCfg = Release|Any CPU
		{189533CF-BA66-40D5-A670-F3E11FBB1912}.Release|Any CPU.Build.0 = Release|Any CPU
	EndGlobalSection
	GlobalSection(SolutionProperties) = preSolution
		HideSolutionNode = FALSE
	EndGlobalSection
EndGlobal
